
Microsoft Visual Studio Solution File, Format Version 12.00
# Visual Studio 2012
Project("{FAE04EC0-301F-11D3-BF4B-00C04F79EFBC}") = "LearningChannel", "LearningChannel\LearningChannel.csproj", "{54AA9590-A0BE-4E6F-916D-2EEF88132F77}"
EndProject
Project("{FAE04EC0-301F-11D3-BF4B-00C04F79EFBC}") = "LearningChannelAPI", "LearningChannelAPI\LearningChannelAPI.csproj", "{AF49F0A8-A310-4FCF-BD12-7272D34DDF93}"
EndProject
Project("{FAE04EC0-301F-11D3-BF4B-00C04F79EFBC}") = "LearningChannelAPI.Tests", "LearningChannelAPI.Tests\LearningChannelAPI.Tests.csproj", "{92A27576-F44C-4AF5-8E4B-75E2A0683A5C}"
EndProject
Project("{2150E333-8FDC-42A3-9474-1A3956D46DE8}") = ".nuget", ".nuget", "{610B24F7-418C-4596-B644-4B2E2CDE7400}"
	ProjectSection(SolutionItems) = preProject
		.nuget\NuGet.Config = .nuget\NuGet.Config
		.nuget\NuGet.exe = .nuget\NuGet.exe
		.nuget\NuGet.targets = .nuget\NuGet.targets
	EndProjectSection
EndProject
Global
	GlobalSection(SolutionConfigurationPlatforms) = preSolution
		Debug|Any CPU = Debug|Any CPU
		Release|Any CPU = Release|Any CPU
	EndGlobalSection
	GlobalSection(ProjectConfigurationPlatforms) = postSolution
		{54AA9590-A0BE-4E6F-916D-2EEF88132F77}.Debug|Any CPU.ActiveCfg = Debug|Any CPU
		{54AA9590-A0BE-4E6F-916D-2EEF88132F77}.Debug|Any CPU.Build.0 = Debug|Any CPU
		{54AA9590-A0BE-4E6F-916D-2EEF88132F77}.Release|Any CPU.ActiveCfg = Release|Any CPU
		{54AA9590-A0BE-4E6F-916D-2EEF88132F77}.Release|Any CPU.Build.0 = Release|Any CPU
		{AF49F0A8-A310-4FCF-BD12-7272D34DDF93}.Debug|Any CPU.ActiveCfg = Debug|Any CPU
		{AF49F0A8-A310-4FCF-BD12-7272D34DDF93}.Debug|Any CPU.Build.0 = Debug|Any CPU
		{AF49F0A8-A310-4FCF-BD12-7272D34DDF93}.Release|Any CPU.ActiveCfg = Release|Any CPU
		{AF49F0A8-A310-4FCF-BD12-7272D34DDF93}.Release|Any CPU.Build.0 = Release|Any CPU
		{92A27576-F44C-4AF5-8E4B-75E2A0683A5C}.Debug|Any CPU.ActiveCfg = Debug|Any CPU
		{92A27576-F44C-4AF5-8E4B-75E2A0683A5C}.Debug|Any CPU.Build.0 = Debug|Any CPU
		{92A27576-F44C-4AF5-8E4B-75E2A0683A5C}.Release|Any CPU.ActiveCfg = Release|Any CPU
		{92A27576-F44C-4AF5-8E4B-75E2A0683A5C}.Release|Any CPU.Build.0 = Release|Any CPU
	EndGlobalSection
	GlobalSection(SolutionProperties) = preSolution
		HideSolutionNode = FALSE
	EndGlobalSection
EndGlobal
